// !$*UTF8*$!
{
	archiveVersion = 1;
	classes = {
	};
	objectVersion = 51;
	objects = {

/* Begin PBXBuildFile section */
		1CA6751A7D78500A35A6D7EE /* Pods_CompletionistTests.framework in Frameworks */ = {isa = PBXBuildFile; fileRef = 02F3CF818A5C893E74476CE4 /* Pods_CompletionistTests.framework */; };
		4CD6F91D9AFF961B650060E0 /* Pods_Completionist_CompletionistUITests.framework in Frameworks */ = {isa = PBXBuildFile; fileRef = 23EEEB9544FEC372795D23BC /* Pods_Completionist_CompletionistUITests.framework */; };
		505117E7244808490026BEF5 /* AppDelegate.swift in Sources */ = {isa = PBXBuildFile; fileRef = 505117E6244808490026BEF5 /* AppDelegate.swift */; };
		505117E9244808490026BEF5 /* SceneDelegate.swift in Sources */ = {isa = PBXBuildFile; fileRef = 505117E8244808490026BEF5 /* SceneDelegate.swift */; };
		505117EB244808490026BEF5 /* ContentView.swift in Sources */ = {isa = PBXBuildFile; fileRef = 505117EA244808490026BEF5 /* ContentView.swift */; };
		505117ED2448084B0026BEF5 /* Assets.xcassets in Resources */ = {isa = PBXBuildFile; fileRef = 505117EC2448084B0026BEF5 /* Assets.xcassets */; };
		505117F02448084B0026BEF5 /* Preview Assets.xcassets in Resources */ = {isa = PBXBuildFile; fileRef = 505117EF2448084B0026BEF5 /* Preview Assets.xcassets */; };
		505117F32448084B0026BEF5 /* LaunchScreen.storyboard in Resources */ = {isa = PBXBuildFile; fileRef = 505117F12448084B0026BEF5 /* LaunchScreen.storyboard */; };
		505117FE2448084C0026BEF5 /* CompletionistTests.swift in Sources */ = {isa = PBXBuildFile; fileRef = 505117FD2448084C0026BEF5 /* CompletionistTests.swift */; };
		505118092448084C0026BEF5 /* CompletionistUITests.swift in Sources */ = {isa = PBXBuildFile; fileRef = 505118082448084C0026BEF5 /* CompletionistUITests.swift */; };
		5051181724480BAD0026BEF5 /* GoogleService-Info.plist in Resources */ = {isa = PBXBuildFile; fileRef = 5051181624480BAD0026BEF5 /* GoogleService-Info.plist */; };
		508D4278247C4C5D0043A9C7 /* HomePage.swift in Sources */ = {isa = PBXBuildFile; fileRef = 508D4277247C4C5D0043A9C7 /* HomePage.swift */; };
		508D427A247C4FFA0043A9C7 /* Loading.swift in Sources */ = {isa = PBXBuildFile; fileRef = 508D4279247C4FFA0043A9C7 /* Loading.swift */; };
		508D427C247C55FB0043A9C7 /* GameList.swift in Sources */ = {isa = PBXBuildFile; fileRef = 508D427B247C55FB0043A9C7 /* GameList.swift */; };
		508D427E247C95830043A9C7 /* Game.swift in Sources */ = {isa = PBXBuildFile; fileRef = 508D427D247C95830043A9C7 /* Game.swift */; };
		508D4280247C95AD0043A9C7 /* Platform.swift in Sources */ = {isa = PBXBuildFile; fileRef = 508D427F247C95AD0043A9C7 /* Platform.swift */; };
		508D4284247C968D0043A9C7 /* GameService.swift in Sources */ = {isa = PBXBuildFile; fileRef = 508D4283247C968D0043A9C7 /* GameService.swift */; };
		508D4286247C96A90043A9C7 /* GameStore.swift in Sources */ = {isa = PBXBuildFile; fileRef = 508D4285247C96A90043A9C7 /* GameStore.swift */; };
		508D4288247CAAA20043A9C7 /* ImageLoader.swift in Sources */ = {isa = PBXBuildFile; fileRef = 508D4287247CAAA20043A9C7 /* ImageLoader.swift */; };
		508D428A247CAB080043A9C7 /* GameRow.swift in Sources */ = {isa = PBXBuildFile; fileRef = 508D4289247CAB080043A9C7 /* GameRow.swift */; };
		508D428C247CAC840043A9C7 /* GameDetail.swift in Sources */ = {isa = PBXBuildFile; fileRef = 508D428B247CAC840043A9C7 /* GameDetail.swift */; };
		50CDD6CB24480E6700A99667 /* Session.swift in Sources */ = {isa = PBXBuildFile; fileRef = 50CDD6CA24480E6700A99667 /* Session.swift */; };
		50CDD6CE24480F1400A99667 /* AppView.swift in Sources */ = {isa = PBXBuildFile; fileRef = 50CDD6CD24480F1400A99667 /* AppView.swift */; };
		50CDD6D024480F4200A99667 /* AuthenticationView.swift in Sources */ = {isa = PBXBuildFile; fileRef = 50CDD6CF24480F4200A99667 /* AuthenticationView.swift */; };
		50CDD6D224480F6C00A99667 /* InlineAlert.swift in Sources */ = {isa = PBXBuildFile; fileRef = 50CDD6D124480F6C00A99667 /* InlineAlert.swift */; };
		50CDD6D424480F8F00A99667 /* CustomButton.swift in Sources */ = {isa = PBXBuildFile; fileRef = 50CDD6D324480F8F00A99667 /* CustomButton.swift */; };
		50CDD6D624480FA400A99667 /* CustomInput.swift in Sources */ = {isa = PBXBuildFile; fileRef = 50CDD6D524480FA400A99667 /* CustomInput.swift */; };
		50CDD6D8244816E800A99667 /* SignUp.swift in Sources */ = {isa = PBXBuildFile; fileRef = 50CDD6D7244816E800A99667 /* SignUp.swift */; };
		C5CE24FD4627B743710B619B /* Pods_Completionist.framework in Frameworks */ = {isa = PBXBuildFile; fileRef = AE7EBF3B77397475733C1123 /* Pods_Completionist.framework */; };
/* End PBXBuildFile section */

/* Begin PBXContainerItemProxy section */
		505117FA2448084C0026BEF5 /* PBXContainerItemProxy */ = {
			isa = PBXContainerItemProxy;
			containerPortal = 505117DB244808490026BEF5 /* Project object */;
			proxyType = 1;
			remoteGlobalIDString = 505117E2244808490026BEF5;
			remoteInfo = Completionist;
		};
		505118052448084C0026BEF5 /* PBXContainerItemProxy */ = {
			isa = PBXContainerItemProxy;
			containerPortal = 505117DB244808490026BEF5 /* Project object */;
			proxyType = 1;
			remoteGlobalIDString = 505117E2244808490026BEF5;
			remoteInfo = Completionist;
		};
/* End PBXContainerItemProxy section */

/* Begin PBXFileReference section */
		02F3CF818A5C893E74476CE4 /* Pods_CompletionistTests.framework */ = {isa = PBXFileReference; explicitFileType = wrapper.framework; includeInIndex = 0; path = Pods_CompletionistTests.framework; sourceTree = BUILT_PRODUCTS_DIR; };
		154DE8122557792AEAC11C16 /* Pods-Completionist.debug.xcconfig */ = {isa = PBXFileReference; includeInIndex = 1; lastKnownFileType = text.xcconfig; name = "Pods-Completionist.debug.xcconfig"; path = "Target Support Files/Pods-Completionist/Pods-Completionist.debug.xcconfig"; sourceTree = "<group>"; };
		23EEEB9544FEC372795D23BC /* Pods_Completionist_CompletionistUITests.framework */ = {isa = PBXFileReference; explicitFileType = wrapper.framework; includeInIndex = 0; path = Pods_Completionist_CompletionistUITests.framework; sourceTree = BUILT_PRODUCTS_DIR; };
		3137E2EEA3E59DABC65F2396 /* Pods-Completionist-CompletionistUITests.release.xcconfig */ = {isa = PBXFileReference; includeInIndex = 1; lastKnownFileType = text.xcconfig; name = "Pods-Completionist-CompletionistUITests.release.xcconfig"; path = "Target Support Files/Pods-Completionist-CompletionistUITests/Pods-Completionist-CompletionistUITests.release.xcconfig"; sourceTree = "<group>"; };
		32A027AA3410CEEDA13E1CC7 /* Pods-Completionist-CompletionistUITests.debug.xcconfig */ = {isa = PBXFileReference; includeInIndex = 1; lastKnownFileType = text.xcconfig; name = "Pods-Completionist-CompletionistUITests.debug.xcconfig"; path = "Target Support Files/Pods-Completionist-CompletionistUITests/Pods-Completionist-CompletionistUITests.debug.xcconfig"; sourceTree = "<group>"; };
		505117E3244808490026BEF5 /* Completionist.app */ = {isa = PBXFileReference; explicitFileType = wrapper.application; includeInIndex = 0; path = Completionist.app; sourceTree = BUILT_PRODUCTS_DIR; };
		505117E6244808490026BEF5 /* AppDelegate.swift */ = {isa = PBXFileReference; lastKnownFileType = sourcecode.swift; path = AppDelegate.swift; sourceTree = "<group>"; };
		505117E8244808490026BEF5 /* SceneDelegate.swift */ = {isa = PBXFileReference; lastKnownFileType = sourcecode.swift; path = SceneDelegate.swift; sourceTree = "<group>"; };
		505117EA244808490026BEF5 /* ContentView.swift */ = {isa = PBXFileReference; lastKnownFileType = sourcecode.swift; path = ContentView.swift; sourceTree = "<group>"; };
		505117EC2448084B0026BEF5 /* Assets.xcassets */ = {isa = PBXFileReference; lastKnownFileType = folder.assetcatalog; path = Assets.xcassets; sourceTree = "<group>"; };
		505117EF2448084B0026BEF5 /* Preview Assets.xcassets */ = {isa = PBXFileReference; lastKnownFileType = folder.assetcatalog; path = "Preview Assets.xcassets"; sourceTree = "<group>"; };
		505117F22448084B0026BEF5 /* Base */ = {isa = PBXFileReference; lastKnownFileType = file.storyboard; name = Base; path = Base.lproj/LaunchScreen.storyboard; sourceTree = "<group>"; };
		505117F42448084B0026BEF5 /* Info.plist */ = {isa = PBXFileReference; lastKnownFileType = text.plist.xml; path = Info.plist; sourceTree = "<group>"; };
		505117F92448084C0026BEF5 /* CompletionistTests.xctest */ = {isa = PBXFileReference; explicitFileType = wrapper.cfbundle; includeInIndex = 0; path = CompletionistTests.xctest; sourceTree = BUILT_PRODUCTS_DIR; };
		505117FD2448084C0026BEF5 /* CompletionistTests.swift */ = {isa = PBXFileReference; lastKnownFileType = sourcecode.swift; path = CompletionistTests.swift; sourceTree = "<group>"; };
		505117FF2448084C0026BEF5 /* Info.plist */ = {isa = PBXFileReference; lastKnownFileType = text.plist.xml; path = Info.plist; sourceTree = "<group>"; };
		505118042448084C0026BEF5 /* CompletionistUITests.xctest */ = {isa = PBXFileReference; explicitFileType = wrapper.cfbundle; includeInIndex = 0; path = CompletionistUITests.xctest; sourceTree = BUILT_PRODUCTS_DIR; };
		505118082448084C0026BEF5 /* CompletionistUITests.swift */ = {isa = PBXFileReference; lastKnownFileType = sourcecode.swift; path = CompletionistUITests.swift; sourceTree = "<group>"; };
		5051180A2448084C0026BEF5 /* Info.plist */ = {isa = PBXFileReference; lastKnownFileType = text.plist.xml; path = Info.plist; sourceTree = "<group>"; };
		5051181624480BAD0026BEF5 /* GoogleService-Info.plist */ = {isa = PBXFileReference; fileEncoding = 4; lastKnownFileType = text.plist.xml; path = "GoogleService-Info.plist"; sourceTree = "<group>"; };
		508D4277247C4C5D0043A9C7 /* HomePage.swift */ = {isa = PBXFileReference; lastKnownFileType = sourcecode.swift; path = HomePage.swift; sourceTree = "<group>"; };
		508D4279247C4FFA0043A9C7 /* Loading.swift */ = {isa = PBXFileReference; lastKnownFileType = sourcecode.swift; path = Loading.swift; sourceTree = "<group>"; };
		508D427B247C55FB0043A9C7 /* GameList.swift */ = {isa = PBXFileReference; lastKnownFileType = sourcecode.swift; path = GameList.swift; sourceTree = "<group>"; };
		508D427D247C95830043A9C7 /* Game.swift */ = {isa = PBXFileReference; lastKnownFileType = sourcecode.swift; path = Game.swift; sourceTree = "<group>"; };
		508D427F247C95AD0043A9C7 /* Platform.swift */ = {isa = PBXFileReference; lastKnownFileType = sourcecode.swift; path = Platform.swift; sourceTree = "<group>"; };
		508D4283247C968D0043A9C7 /* GameService.swift */ = {isa = PBXFileReference; lastKnownFileType = sourcecode.swift; path = GameService.swift; sourceTree = "<group>"; };
		508D4285247C96A90043A9C7 /* GameStore.swift */ = {isa = PBXFileReference; lastKnownFileType = sourcecode.swift; path = GameStore.swift; sourceTree = "<group>"; };
		508D4287247CAAA20043A9C7 /* ImageLoader.swift */ = {isa = PBXFileReference; lastKnownFileType = sourcecode.swift; path = ImageLoader.swift; sourceTree = "<group>"; };
		508D4289247CAB080043A9C7 /* GameRow.swift */ = {isa = PBXFileReference; lastKnownFileType = sourcecode.swift; path = GameRow.swift; sourceTree = "<group>"; };
		508D428B247CAC840043A9C7 /* GameDetail.swift */ = {isa = PBXFileReference; lastKnownFileType = sourcecode.swift; path = GameDetail.swift; sourceTree = "<group>"; };
		50CDD6CA24480E6700A99667 /* Session.swift */ = {isa = PBXFileReference; lastKnownFileType = sourcecode.swift; path = Session.swift; sourceTree = "<group>"; };
		50CDD6CD24480F1400A99667 /* AppView.swift */ = {isa = PBXFileReference; lastKnownFileType = sourcecode.swift; path = AppView.swift; sourceTree = "<group>"; };
		50CDD6CF24480F4200A99667 /* AuthenticationView.swift */ = {isa = PBXFileReference; lastKnownFileType = sourcecode.swift; path = AuthenticationView.swift; sourceTree = "<group>"; };
		50CDD6D124480F6C00A99667 /* InlineAlert.swift */ = {isa = PBXFileReference; lastKnownFileType = sourcecode.swift; path = InlineAlert.swift; sourceTree = "<group>"; };
		50CDD6D324480F8F00A99667 /* CustomButton.swift */ = {isa = PBXFileReference; lastKnownFileType = sourcecode.swift; path = CustomButton.swift; sourceTree = "<group>"; };
		50CDD6D524480FA400A99667 /* CustomInput.swift */ = {isa = PBXFileReference; lastKnownFileType = sourcecode.swift; path = CustomInput.swift; sourceTree = "<group>"; };
		50CDD6D7244816E800A99667 /* SignUp.swift */ = {isa = PBXFileReference; lastKnownFileType = sourcecode.swift; path = SignUp.swift; sourceTree = "<group>"; };
		5F321E8EC5F9B0D3213FDBAF /* Pods-CompletionistTests.debug.xcconfig */ = {isa = PBXFileReference; includeInIndex = 1; lastKnownFileType = text.xcconfig; name = "Pods-CompletionistTests.debug.xcconfig"; path = "Target Support Files/Pods-CompletionistTests/Pods-CompletionistTests.debug.xcconfig"; sourceTree = "<group>"; };
		7F7814F01BC5348193F4BD4D /* Pods-Completionist.release.xcconfig */ = {isa = PBXFileReference; includeInIndex = 1; lastKnownFileType = text.xcconfig; name = "Pods-Completionist.release.xcconfig"; path = "Target Support Files/Pods-Completionist/Pods-Completionist.release.xcconfig"; sourceTree = "<group>"; };
		AE7EBF3B77397475733C1123 /* Pods_Completionist.framework */ = {isa = PBXFileReference; explicitFileType = wrapper.framework; includeInIndex = 0; path = Pods_Completionist.framework; sourceTree = BUILT_PRODUCTS_DIR; };
		B34566CB3E2CA0367464B5BB /* Pods-CompletionistTests.release.xcconfig */ = {isa = PBXFileReference; includeInIndex = 1; lastKnownFileType = text.xcconfig; name = "Pods-CompletionistTests.release.xcconfig"; path = "Target Support Files/Pods-CompletionistTests/Pods-CompletionistTests.release.xcconfig"; sourceTree = "<group>"; };
/* End PBXFileReference section */

/* Begin PBXFrameworksBuildPhase section */
		505117E0244808490026BEF5 /* Frameworks */ = {
			isa = PBXFrameworksBuildPhase;
			buildActionMask = 2147483647;
			files = (
				C5CE24FD4627B743710B619B /* Pods_Completionist.framework in Frameworks */,
			);
			runOnlyForDeploymentPostprocessing = 0;
		};
		505117F62448084C0026BEF5 /* Frameworks */ = {
			isa = PBXFrameworksBuildPhase;
			buildActionMask = 2147483647;
			files = (
				1CA6751A7D78500A35A6D7EE /* Pods_CompletionistTests.framework in Frameworks */,
			);
			runOnlyForDeploymentPostprocessing = 0;
		};
		505118012448084C0026BEF5 /* Frameworks */ = {
			isa = PBXFrameworksBuildPhase;
			buildActionMask = 2147483647;
			files = (
				4CD6F91D9AFF961B650060E0 /* Pods_Completionist_CompletionistUITests.framework in Frameworks */,
			);
			runOnlyForDeploymentPostprocessing = 0;
		};
/* End PBXFrameworksBuildPhase section */

/* Begin PBXGroup section */
		405F1DC33F3FE1CE68122E3B /* Pods */ = {
			isa = PBXGroup;
			children = (
				154DE8122557792AEAC11C16 /* Pods-Completionist.debug.xcconfig */,
				7F7814F01BC5348193F4BD4D /* Pods-Completionist.release.xcconfig */,
				32A027AA3410CEEDA13E1CC7 /* Pods-Completionist-CompletionistUITests.debug.xcconfig */,
				3137E2EEA3E59DABC65F2396 /* Pods-Completionist-CompletionistUITests.release.xcconfig */,
				5F321E8EC5F9B0D3213FDBAF /* Pods-CompletionistTests.debug.xcconfig */,
				B34566CB3E2CA0367464B5BB /* Pods-CompletionistTests.release.xcconfig */,
			);
			path = Pods;
			sourceTree = "<group>";
		};
		505117DA244808490026BEF5 = {
			isa = PBXGroup;
			children = (
				505117E5244808490026BEF5 /* Completionist */,
				505117FC2448084C0026BEF5 /* CompletionistTests */,
				505118072448084C0026BEF5 /* CompletionistUITests */,
				505117E4244808490026BEF5 /* Products */,
				405F1DC33F3FE1CE68122E3B /* Pods */,
				AC0108103C6A3F94208C538F /* Frameworks */,
			);
			sourceTree = "<group>";
		};
		505117E4244808490026BEF5 /* Products */ = {
			isa = PBXGroup;
			children = (
				505117E3244808490026BEF5 /* Completionist.app */,
				505117F92448084C0026BEF5 /* CompletionistTests.xctest */,
				505118042448084C0026BEF5 /* CompletionistUITests.xctest */,
			);
			name = Products;
			sourceTree = "<group>";
		};
		505117E5244808490026BEF5 /* Completionist */ = {
			isa = PBXGroup;
			children = (
				508D4282247C965E0043A9C7 /* Services */,
				508D4281247C96210043A9C7 /* Models */,
				50CDD6CC24480ECD00A99667 /* Views */,
				505117E6244808490026BEF5 /* AppDelegate.swift */,
				505117E8244808490026BEF5 /* SceneDelegate.swift */,
				50CDD6CA24480E6700A99667 /* Session.swift */,
				505117EC2448084B0026BEF5 /* Assets.xcassets */,
				505117F12448084B0026BEF5 /* LaunchScreen.storyboard */,
				505117F42448084B0026BEF5 /* Info.plist */,
				5051181624480BAD0026BEF5 /* GoogleService-Info.plist */,
				505117EE2448084B0026BEF5 /* Preview Content */,
			);
			path = Completionist;
			sourceTree = "<group>";
		};
		505117EE2448084B0026BEF5 /* Preview Content */ = {
			isa = PBXGroup;
			children = (
				505117EF2448084B0026BEF5 /* Preview Assets.xcassets */,
			);
			path = "Preview Content";
			sourceTree = "<group>";
		};
		505117FC2448084C0026BEF5 /* CompletionistTests */ = {
			isa = PBXGroup;
			children = (
				505117FD2448084C0026BEF5 /* CompletionistTests.swift */,
				505117FF2448084C0026BEF5 /* Info.plist */,
			);
			path = CompletionistTests;
			sourceTree = "<group>";
		};
		505118072448084C0026BEF5 /* CompletionistUITests */ = {
			isa = PBXGroup;
			children = (
				505118082448084C0026BEF5 /* CompletionistUITests.swift */,
				5051180A2448084C0026BEF5 /* Info.plist */,
			);
			path = CompletionistUITests;
			sourceTree = "<group>";
		};
		508D4281247C96210043A9C7 /* Models */ = {
			isa = PBXGroup;
			children = (
				508D427D247C95830043A9C7 /* Game.swift */,
				508D427F247C95AD0043A9C7 /* Platform.swift */,
			);
			path = Models;
			sourceTree = "<group>";
		};
		508D4282247C965E0043A9C7 /* Services */ = {
			isa = PBXGroup;
			children = (
				508D4283247C968D0043A9C7 /* GameService.swift */,
				508D4285247C96A90043A9C7 /* GameStore.swift */,
				508D4287247CAAA20043A9C7 /* ImageLoader.swift */,
			);
			path = Services;
			sourceTree = "<group>";
		};
		50CDD6CC24480ECD00A99667 /* Views */ = {
			isa = PBXGroup;
			children = (
				505117EA244808490026BEF5 /* ContentView.swift */,
				508D427B247C55FB0043A9C7 /* GameList.swift */,
				50CDD6CD24480F1400A99667 /* AppView.swift */,
				50CDD6CF24480F4200A99667 /* AuthenticationView.swift */,
				50CDD6D7244816E800A99667 /* SignUp.swift */,
				50CDD6D124480F6C00A99667 /* InlineAlert.swift */,
				50CDD6D324480F8F00A99667 /* CustomButton.swift */,
				50CDD6D524480FA400A99667 /* CustomInput.swift */,
				508D4277247C4C5D0043A9C7 /* HomePage.swift */,
				508D4279247C4FFA0043A9C7 /* Loading.swift */,
				508D4289247CAB080043A9C7 /* GameRow.swift */,
				508D428B247CAC840043A9C7 /* GameDetail.swift */,
			);
			path = Views;
			sourceTree = "<group>";
		};
		AC0108103C6A3F94208C538F /* Frameworks */ = {
			isa = PBXGroup;
			children = (
				AE7EBF3B77397475733C1123 /* Pods_Completionist.framework */,
				23EEEB9544FEC372795D23BC /* Pods_Completionist_CompletionistUITests.framework */,
				02F3CF818A5C893E74476CE4 /* Pods_CompletionistTests.framework */,
			);
			name = Frameworks;
			sourceTree = "<group>";
		};
/* End PBXGroup section */

/* Begin PBXNativeTarget section */
		505117E2244808490026BEF5 /* Completionist */ = {
			isa = PBXNativeTarget;
			buildConfigurationList = 5051180D2448084C0026BEF5 /* Build configuration list for PBXNativeTarget "Completionist" */;
			buildPhases = (
				C77807139A75D3BF2C717D3B /* [CP] Check Pods Manifest.lock */,
				505117DF244808490026BEF5 /* Sources */,
				505117E0244808490026BEF5 /* Frameworks */,
				505117E1244808490026BEF5 /* Resources */,
				ABC5948FC305F89ABB2F20BE /* [CP] Embed Pods Frameworks */,
				96565C7F1A8CAEC56C30FD7C /* [CP] Copy Pods Resources */,
			);
			buildRules = (
			);
			dependencies = (
			);
			name = Completionist;
			productName = Completionist;
			productReference = 505117E3244808490026BEF5 /* Completionist.app */;
			productType = "com.apple.product-type.application";
		};
		505117F82448084C0026BEF5 /* CompletionistTests */ = {
			isa = PBXNativeTarget;
			buildConfigurationList = 505118102448084C0026BEF5 /* Build configuration list for PBXNativeTarget "CompletionistTests" */;
			buildPhases = (
				30F9FEC820C7CCA6F3746D50 /* [CP] Check Pods Manifest.lock */,
				505117F52448084C0026BEF5 /* Sources */,
				505117F62448084C0026BEF5 /* Frameworks */,
				505117F72448084C0026BEF5 /* Resources */,
			);
			buildRules = (
			);
			dependencies = (
				505117FB2448084C0026BEF5 /* PBXTargetDependency */,
			);
			name = CompletionistTests;
			productName = CompletionistTests;
			productReference = 505117F92448084C0026BEF5 /* CompletionistTests.xctest */;
			productType = "com.apple.product-type.bundle.unit-test";
		};
		505118032448084C0026BEF5 /* CompletionistUITests */ = {
			isa = PBXNativeTarget;
			buildConfigurationList = 505118132448084C0026BEF5 /* Build configuration list for PBXNativeTarget "CompletionistUITests" */;
			buildPhases = (
				7F89323D8FCD7A834457CE60 /* [CP] Check Pods Manifest.lock */,
				505118002448084C0026BEF5 /* Sources */,
				505118012448084C0026BEF5 /* Frameworks */,
				505118022448084C0026BEF5 /* Resources */,
				A13276BD1D85CD5E5EF37223 /* [CP] Embed Pods Frameworks */,
				70D99E5584B767A15F1758B6 /* [CP] Copy Pods Resources */,
			);
			buildRules = (
			);
			dependencies = (
				505118062448084C0026BEF5 /* PBXTargetDependency */,
			);
			name = CompletionistUITests;
			productName = CompletionistUITests;
			productReference = 505118042448084C0026BEF5 /* CompletionistUITests.xctest */;
			productType = "com.apple.product-type.bundle.ui-testing";
		};
/* End PBXNativeTarget section */

/* Begin PBXProject section */
		505117DB244808490026BEF5 /* Project object */ = {
			isa = PBXProject;
			attributes = {
				LastSwiftUpdateCheck = 1120;
				LastUpgradeCheck = 1120;
				ORGANIZATIONNAME = "Max Kerscher-Santelli";
				TargetAttributes = {
					505117E2244808490026BEF5 = {
						CreatedOnToolsVersion = 11.2.1;
					};
					505117F82448084C0026BEF5 = {
						CreatedOnToolsVersion = 11.2.1;
						TestTargetID = 505117E2244808490026BEF5;
					};
					505118032448084C0026BEF5 = {
						CreatedOnToolsVersion = 11.2.1;
						TestTargetID = 505117E2244808490026BEF5;
					};
				};
			};
			buildConfigurationList = 505117DE244808490026BEF5 /* Build configuration list for PBXProject "Completionist" */;
			compatibilityVersion = "Xcode 9.3";
			developmentRegion = en;
			hasScannedForEncodings = 0;
			knownRegions = (
				en,
				Base,
			);
			mainGroup = 505117DA244808490026BEF5;
			productRefGroup = 505117E4244808490026BEF5 /* Products */;
			projectDirPath = "";
			projectRoot = "";
			targets = (
				505117E2244808490026BEF5 /* Completionist */,
				505117F82448084C0026BEF5 /* CompletionistTests */,
				505118032448084C0026BEF5 /* CompletionistUITests */,
			);
		};
/* End PBXProject section */

/* Begin PBXResourcesBuildPhase section */
		505117E1244808490026BEF5 /* Resources */ = {
			isa = PBXResourcesBuildPhase;
			buildActionMask = 2147483647;
			files = (
				505117F32448084B0026BEF5 /* LaunchScreen.storyboard in Resources */,
				505117F02448084B0026BEF5 /* Preview Assets.xcassets in Resources */,
				5051181724480BAD0026BEF5 /* GoogleService-Info.plist in Resources */,
				505117ED2448084B0026BEF5 /* Assets.xcassets in Resources */,
			);
			runOnlyForDeploymentPostprocessing = 0;
		};
		505117F72448084C0026BEF5 /* Resources */ = {
			isa = PBXResourcesBuildPhase;
			buildActionMask = 2147483647;
			files = (
			);
			runOnlyForDeploymentPostprocessing = 0;
		};
		505118022448084C0026BEF5 /* Resources */ = {
			isa = PBXResourcesBuildPhase;
			buildActionMask = 2147483647;
			files = (
			);
			runOnlyForDeploymentPostprocessing = 0;
		};
/* End PBXResourcesBuildPhase section */

/* Begin PBXShellScriptBuildPhase section */
		30F9FEC820C7CCA6F3746D50 /* [CP] Check Pods Manifest.lock */ = {
			isa = PBXShellScriptBuildPhase;
			buildActionMask = 2147483647;
			files = (
			);
			inputFileListPaths = (
			);
			inputPaths = (
				"${PODS_PODFILE_DIR_PATH}/Podfile.lock",
				"${PODS_ROOT}/Manifest.lock",
			);
			name = "[CP] Check Pods Manifest.lock";
			outputFileListPaths = (
			);
			outputPaths = (
				"$(DERIVED_FILE_DIR)/Pods-CompletionistTests-checkManifestLockResult.txt",
			);
			runOnlyForDeploymentPostprocessing = 0;
			shellPath = /bin/sh;
			shellScript = "diff \"${PODS_PODFILE_DIR_PATH}/Podfile.lock\" \"${PODS_ROOT}/Manifest.lock\" > /dev/null\nif [ $? != 0 ] ; then\n    # print error to STDERR\n    echo \"error: The sandbox is not in sync with the Podfile.lock. Run 'pod install' or update your CocoaPods installation.\" >&2\n    exit 1\nfi\n# This output is used by Xcode 'outputs' to avoid re-running this script phase.\necho \"SUCCESS\" > \"${SCRIPT_OUTPUT_FILE_0}\"\n";
			showEnvVarsInLog = 0;
		};
		70D99E5584B767A15F1758B6 /* [CP] Copy Pods Resources */ = {
			isa = PBXShellScriptBuildPhase;
			buildActionMask = 2147483647;
			files = (
			);
			inputFileListPaths = (
				"${PODS_ROOT}/Target Support Files/Pods-Completionist-CompletionistUITests/Pods-Completionist-CompletionistUITests-resources-${CONFIGURATION}-input-files.xcfilelist",
			);
			name = "[CP] Copy Pods Resources";
			outputFileListPaths = (
				"${PODS_ROOT}/Target Support Files/Pods-Completionist-CompletionistUITests/Pods-Completionist-CompletionistUITests-resources-${CONFIGURATION}-output-files.xcfilelist",
			);
			runOnlyForDeploymentPostprocessing = 0;
			shellPath = /bin/sh;
			shellScript = "\"${PODS_ROOT}/Target Support Files/Pods-Completionist-CompletionistUITests/Pods-Completionist-CompletionistUITests-resources.sh\"\n";
			showEnvVarsInLog = 0;
		};
		7F89323D8FCD7A834457CE60 /* [CP] Check Pods Manifest.lock */ = {
			isa = PBXShellScriptBuildPhase;
			buildActionMask = 2147483647;
			files = (
			);
			inputFileListPaths = (
			);
			inputPaths = (
				"${PODS_PODFILE_DIR_PATH}/Podfile.lock",
				"${PODS_ROOT}/Manifest.lock",
			);
			name = "[CP] Check Pods Manifest.lock";
			outputFileListPaths = (
			);
			outputPaths = (
				"$(DERIVED_FILE_DIR)/Pods-Completionist-CompletionistUITests-checkManifestLockResult.txt",
			);
			runOnlyForDeploymentPostprocessing = 0;
			shellPath = /bin/sh;
			shellScript = "diff \"${PODS_PODFILE_DIR_PATH}/Podfile.lock\" \"${PODS_ROOT}/Manifest.lock\" > /dev/null\nif [ $? != 0 ] ; then\n    # print error to STDERR\n    echo \"error: The sandbox is not in sync with the Podfile.lock. Run 'pod install' or update your CocoaPods installation.\" >&2\n    exit 1\nfi\n# This output is used by Xcode 'outputs' to avoid re-running this script phase.\necho \"SUCCESS\" > \"${SCRIPT_OUTPUT_FILE_0}\"\n";
			showEnvVarsInLog = 0;
		};
		96565C7F1A8CAEC56C30FD7C /* [CP] Copy Pods Resources */ = {
			isa = PBXShellScriptBuildPhase;
			buildActionMask = 2147483647;
			files = (
			);
			inputFileListPaths = (
				"${PODS_ROOT}/Target Support Files/Pods-Completionist/Pods-Completionist-resources-${CONFIGURATION}-input-files.xcfilelist",
			);
			name = "[CP] Copy Pods Resources";
			outputFileListPaths = (
				"${PODS_ROOT}/Target Support Files/Pods-Completionist/Pods-Completionist-resources-${CONFIGURATION}-output-files.xcfilelist",
			);
			runOnlyForDeploymentPostprocessing = 0;
			shellPath = /bin/sh;
			shellScript = "\"${PODS_ROOT}/Target Support Files/Pods-Completionist/Pods-Completionist-resources.sh\"\n";
			showEnvVarsInLog = 0;
		};
		A13276BD1D85CD5E5EF37223 /* [CP] Embed Pods Frameworks */ = {
			isa = PBXShellScriptBuildPhase;
			buildActionMask = 2147483647;
			files = (
			);
			inputFileListPaths = (
				"${PODS_ROOT}/Target Support Files/Pods-Completionist-CompletionistUITests/Pods-Completionist-CompletionistUITests-frameworks-${CONFIGURATION}-input-files.xcfilelist",
			);
			name = "[CP] Embed Pods Frameworks";
			outputFileListPaths = (
				"${PODS_ROOT}/Target Support Files/Pods-Completionist-CompletionistUITests/Pods-Completionist-CompletionistUITests-frameworks-${CONFIGURATION}-output-files.xcfilelist",
			);
			runOnlyForDeploymentPostprocessing = 0;
			shellPath = /bin/sh;
			shellScript = "\"${PODS_ROOT}/Target Support Files/Pods-Completionist-CompletionistUITests/Pods-Completionist-CompletionistUITests-frameworks.sh\"\n";
			showEnvVarsInLog = 0;
		};
		ABC5948FC305F89ABB2F20BE /* [CP] Embed Pods Frameworks */ = {
			isa = PBXShellScriptBuildPhase;
			buildActionMask = 2147483647;
			files = (
			);
			inputFileListPaths = (
				"${PODS_ROOT}/Target Support Files/Pods-Completionist/Pods-Completionist-frameworks-${CONFIGURATION}-input-files.xcfilelist",
			);
			name = "[CP] Embed Pods Frameworks";
			outputFileListPaths = (
				"${PODS_ROOT}/Target Support Files/Pods-Completionist/Pods-Completionist-frameworks-${CONFIGURATION}-output-files.xcfilelist",
			);
			runOnlyForDeploymentPostprocessing = 0;
			shellPath = /bin/sh;
			shellScript = "\"${PODS_ROOT}/Target Support Files/Pods-Completionist/Pods-Completionist-frameworks.sh\"\n";
			showEnvVarsInLog = 0;
		};
		C77807139A75D3BF2C717D3B /* [CP] Check Pods Manifest.lock */ = {
			isa = PBXShellScriptBuildPhase;
			buildActionMask = 2147483647;
			files = (
			);
			inputFileListPaths = (
			);
			inputPaths = (
				"${PODS_PODFILE_DIR_PATH}/Podfile.lock",
				"${PODS_ROOT}/Manifest.lock",
			);
			name = "[CP] Check Pods Manifest.lock";
			outputFileListPaths = (
			);
			outputPaths = (
				"$(DERIVED_FILE_DIR)/Pods-Completionist-checkManifestLockResult.txt",
			);
			runOnlyForDeploymentPostprocessing = 0;
			shellPath = /bin/sh;
			shellScript = "diff \"${PODS_PODFILE_DIR_PATH}/Podfile.lock\" \"${PODS_ROOT}/Manifest.lock\" > /dev/null\nif [ $? != 0 ] ; then\n    # print error to STDERR\n    echo \"error: The sandbox is not in sync with the Podfile.lock. Run 'pod install' or update your CocoaPods installation.\" >&2\n    exit 1\nfi\n# This output is used by Xcode 'outputs' to avoid re-running this script phase.\necho \"SUCCESS\" > \"${SCRIPT_OUTPUT_FILE_0}\"\n";
			showEnvVarsInLog = 0;
		};
/* End PBXShellScriptBuildPhase section */

/* Begin PBXSourcesBuildPhase section */
		505117DF244808490026BEF5 /* Sources */ = {
			isa = PBXSourcesBuildPhase;
			buildActionMask = 2147483647;
			files = (
				508D4280247C95AD0043A9C7 /* Platform.swift in Sources */,
				50CDD6CB24480E6700A99667 /* Session.swift in Sources */,
				508D4278247C4C5D0043A9C7 /* HomePage.swift in Sources */,
				505117E7244808490026BEF5 /* AppDelegate.swift in Sources */,
				508D428C247CAC840043A9C7 /* GameDetail.swift in Sources */,
				508D4286247C96A90043A9C7 /* GameStore.swift in Sources */,
				50CDD6D624480FA400A99667 /* CustomInput.swift in Sources */,
				50CDD6D024480F4200A99667 /* AuthenticationView.swift in Sources */,
				505117E9244808490026BEF5 /* SceneDelegate.swift in Sources */,
				508D4284247C968D0043A9C7 /* GameService.swift in Sources */,
				508D428A247CAB080043A9C7 /* GameRow.swift in Sources */,
				50CDD6D424480F8F00A99667 /* CustomButton.swift in Sources */,
				50CDD6CE24480F1400A99667 /* AppView.swift in Sources */,
				50CDD6D224480F6C00A99667 /* InlineAlert.swift in Sources */,
				508D427E247C95830043A9C7 /* Game.swift in Sources */,
				505117EB244808490026BEF5 /* ContentView.swift in Sources */,
				508D4288247CAAA20043A9C7 /* ImageLoader.swift in Sources */,
				508D427A247C4FFA0043A9C7 /* Loading.swift in Sources */,
				508D427C247C55FB0043A9C7 /* GameList.swift in Sources */,
				50CDD6D8244816E800A99667 /* SignUp.swift in Sources */,
			);
			runOnlyForDeploymentPostprocessing = 0;
		};
		505117F52448084C0026BEF5 /* Sources */ = {
			isa = PBXSourcesBuildPhase;
			buildActionMask = 2147483647;
			files = (
				505117FE2448084C0026BEF5 /* CompletionistTests.swift in Sources */,
			);
			runOnlyForDeploymentPostprocessing = 0;
		};
		505118002448084C0026BEF5 /* Sources */ = {
			isa = PBXSourcesBuildPhase;
			buildActionMask = 2147483647;
			files = (
				505118092448084C0026BEF5 /* CompletionistUITests.swift in Sources */,
			);
			runOnlyForDeploymentPostprocessing = 0;
		};
/* End PBXSourcesBuildPhase section */

/* Begin PBXTargetDependency section */
		505117FB2448084C0026BEF5 /* PBXTargetDependency */ = {
			isa = PBXTargetDependency;
			target = 505117E2244808490026BEF5 /* Completionist */;
			targetProxy = 505117FA2448084C0026BEF5 /* PBXContainerItemProxy */;
		};
		505118062448084C0026BEF5 /* PBXTargetDependency */ = {
			isa = PBXTargetDependency;
			target = 505117E2244808490026BEF5 /* Completionist */;
			targetProxy = 505118052448084C0026BEF5 /* PBXContainerItemProxy */;
		};
/* End PBXTargetDependency section */

/* Begin PBXVariantGroup section */
		505117F12448084B0026BEF5 /* LaunchScreen.storyboard */ = {
			isa = PBXVariantGroup;
			children = (
				505117F22448084B0026BEF5 /* Base */,
			);
			name = LaunchScreen.storyboard;
			sourceTree = "<group>";
		};
/* End PBXVariantGroup section */

/* Begin XCBuildConfiguration section */
		5051180B2448084C0026BEF5 /* Debug */ = {
			isa = XCBuildConfiguration;
			buildSettings = {
				ALWAYS_SEARCH_USER_PATHS = NO;
				CLANG_ANALYZER_NONNULL = YES;
				CLANG_ANALYZER_NUMBER_OBJECT_CONVERSION = YES_AGGRESSIVE;
				CLANG_CXX_LANGUAGE_STANDARD = "gnu++14";
				CLANG_CXX_LIBRARY = "libc++";
				CLANG_ENABLE_MODULES = YES;
				CLANG_ENABLE_OBJC_ARC = YES;
				CLANG_ENABLE_OBJC_WEAK = YES;
				CLANG_WARN_BLOCK_CAPTURE_AUTORELEASING = YES;
				CLANG_WARN_BOOL_CONVERSION = YES;
				CLANG_WARN_COMMA = YES;
				CLANG_WARN_CONSTANT_CONVERSION = YES;
				CLANG_WARN_DEPRECATED_OBJC_IMPLEMENTATIONS = YES;
				CLANG_WARN_DIRECT_OBJC_ISA_USAGE = YES_ERROR;
				CLANG_WARN_DOCUMENTATION_COMMENTS = YES;
				CLANG_WARN_EMPTY_BODY = YES;
				CLANG_WARN_ENUM_CONVERSION = YES;
				CLANG_WARN_INFINITE_RECURSION = YES;
				CLANG_WARN_INT_CONVERSION = YES;
				CLANG_WARN_NON_LITERAL_NULL_CONVERSION = YES;
				CLANG_WARN_OBJC_IMPLICIT_RETAIN_SELF = YES;
				CLANG_WARN_OBJC_LITERAL_CONVERSION = YES;
				CLANG_WARN_OBJC_ROOT_CLASS = YES_ERROR;
				CLANG_WARN_RANGE_LOOP_ANALYSIS = YES;
				CLANG_WARN_STRICT_PROTOTYPES = YES;
				CLANG_WARN_SUSPICIOUS_MOVE = YES;
				CLANG_WARN_UNGUARDED_AVAILABILITY = YES_AGGRESSIVE;
				CLANG_WARN_UNREACHABLE_CODE = YES;
				CLANG_WARN__DUPLICATE_METHOD_MATCH = YES;
				COPY_PHASE_STRIP = NO;
				DEBUG_INFORMATION_FORMAT = dwarf;
				ENABLE_STRICT_OBJC_MSGSEND = YES;
				ENABLE_TESTABILITY = YES;
				GCC_C_LANGUAGE_STANDARD = gnu11;
				GCC_DYNAMIC_NO_PIC = NO;
				GCC_NO_COMMON_BLOCKS = YES;
				GCC_OPTIMIZATION_LEVEL = 0;
				GCC_PREPROCESSOR_DEFINITIONS = (
					"DEBUG=1",
					"$(inherited)",
				);
				GCC_WARN_64_TO_32_BIT_CONVERSION = YES;
				GCC_WARN_ABOUT_RETURN_TYPE = YES_ERROR;
				GCC_WARN_UNDECLARED_SELECTOR = YES;
				GCC_WARN_UNINITIALIZED_AUTOS = YES_AGGRESSIVE;
				GCC_WARN_UNUSED_FUNCTION = YES;
				GCC_WARN_UNUSED_VARIABLE = YES;
				IPHONEOS_DEPLOYMENT_TARGET = 13.2;
				MTL_ENABLE_DEBUG_INFO = INCLUDE_SOURCE;
				MTL_FAST_MATH = YES;
				ONLY_ACTIVE_ARCH = YES;
				SDKROOT = iphoneos;
				SWIFT_ACTIVE_COMPILATION_CONDITIONS = DEBUG;
				SWIFT_OPTIMIZATION_LEVEL = "-Onone";
			};
			name = Debug;
		};
		5051180C2448084C0026BEF5 /* Release */ = {
			isa = XCBuildConfiguration;
			buildSettings = {
				ALWAYS_SEARCH_USER_PATHS = NO;
				CLANG_ANALYZER_NONNULL = YES;
				CLANG_ANALYZER_NUMBER_OBJECT_CONVERSION = YES_AGGRESSIVE;
				CLANG_CXX_LANGUAGE_STANDARD = "gnu++14";
				CLANG_CXX_LIBRARY = "libc++";
				CLANG_ENABLE_MODULES = YES;
				CLANG_ENABLE_OBJC_ARC = YES;
				CLANG_ENABLE_OBJC_WEAK = YES;
				CLANG_WARN_BLOCK_CAPTURE_AUTORELEASING = YES;
				CLANG_WARN_BOOL_CONVERSION = YES;
				CLANG_WARN_COMMA = YES;
				CLANG_WARN_CONSTANT_CONVERSION = YES;
				CLANG_WARN_DEPRECATED_OBJC_IMPLEMENTATIONS = YES;
				CLANG_WARN_DIRECT_OBJC_ISA_USAGE = YES_ERROR;
				CLANG_WARN_DOCUMENTATION_COMMENTS = YES;
				CLANG_WARN_EMPTY_BODY = YES;
				CLANG_WARN_ENUM_CONVERSION = YES;
				CLANG_WARN_INFINITE_RECURSION = YES;
				CLANG_WARN_INT_CONVERSION = YES;
				CLANG_WARN_NON_LITERAL_NULL_CONVERSION = YES;
				CLANG_WARN_OBJC_IMPLICIT_RETAIN_SELF = YES;
				CLANG_WARN_OBJC_LITERAL_CONVERSION = YES;
				CLANG_WARN_OBJC_ROOT_CLASS = YES_ERROR;
				CLANG_WARN_RANGE_LOOP_ANALYSIS = YES;
				CLANG_WARN_STRICT_PROTOTYPES = YES;
				CLANG_WARN_SUSPICIOUS_MOVE = YES;
				CLANG_WARN_UNGUARDED_AVAILABILITY = YES_AGGRESSIVE;
				CLANG_WARN_UNREACHABLE_CODE = YES;
				CLANG_WARN__DUPLICATE_METHOD_MATCH = YES;
				COPY_PHASE_STRIP = NO;
				DEBUG_INFORMATION_FORMAT = "dwarf-with-dsym";
				ENABLE_NS_ASSERTIONS = NO;
				ENABLE_STRICT_OBJC_MSGSEND = YES;
				GCC_C_LANGUAGE_STANDARD = gnu11;
				GCC_NO_COMMON_BLOCKS = YES;
				GCC_WARN_64_TO_32_BIT_CONVERSION = YES;
				GCC_WARN_ABOUT_RETURN_TYPE = YES_ERROR;
				GCC_WARN_UNDECLARED_SELECTOR = YES;
				GCC_WARN_UNINITIALIZED_AUTOS = YES_AGGRESSIVE;
				GCC_WARN_UNUSED_FUNCTION = YES;
				GCC_WARN_UNUSED_VARIABLE = YES;
				IPHONEOS_DEPLOYMENT_TARGET = 13.2;
				MTL_ENABLE_DEBUG_INFO = NO;
				MTL_FAST_MATH = YES;
				SDKROOT = iphoneos;
				SWIFT_COMPILATION_MODE = wholemodule;
				SWIFT_OPTIMIZATION_LEVEL = "-O";
				VALIDATE_PRODUCT = YES;
			};
			name = Release;
		};
		5051180E2448084C0026BEF5 /* Debug */ = {
			isa = XCBuildConfiguration;
			baseConfigurationReference = 154DE8122557792AEAC11C16 /* Pods-Completionist.debug.xcconfig */;
			buildSettings = {
				ASSETCATALOG_COMPILER_APPICON_NAME = AppIcon;
				CODE_SIGN_STYLE = Automatic;
				DEVELOPMENT_ASSET_PATHS = "\"Completionist/Preview Content\"";
				DEVELOPMENT_TEAM = 2XQ73D9AR6;
				ENABLE_PREVIEWS = YES;
				INFOPLIST_FILE = Completionist/Info.plist;
				LD_RUNPATH_SEARCH_PATHS = (
					"$(inherited)",
					"@executable_path/Frameworks",
				);
				PRODUCT_BUNDLE_IDENTIFIER = max.Completionist;
				PRODUCT_NAME = "$(TARGET_NAME)";
				SWIFT_VERSION = 5.0;
				TARGETED_DEVICE_FAMILY = "1,2";
			};
			name = Debug;
		};
		5051180F2448084C0026BEF5 /* Release */ = {
			isa = XCBuildConfiguration;
			baseConfigurationReference = 7F7814F01BC5348193F4BD4D /* Pods-Completionist.release.xcconfig */;
			buildSettings = {
				ASSETCATALOG_COMPILER_APPICON_NAME = AppIcon;
				CODE_SIGN_STYLE = Automatic;
				DEVELOPMENT_ASSET_PATHS = "\"Completionist/Preview Content\"";
				DEVELOPMENT_TEAM = 2XQ73D9AR6;
				ENABLE_PREVIEWS = YES;
				INFOPLIST_FILE = Completionist/Info.plist;
				LD_RUNPATH_SEARCH_PATHS = (
					"$(inherited)",
					"@executable_path/Frameworks",
				);
				PRODUCT_BUNDLE_IDENTIFIER = max.Completionist;
				PRODUCT_NAME = "$(TARGET_NAME)";
				SWIFT_VERSION = 5.0;
				TARGETED_DEVICE_FAMILY = "1,2";
			};
			name = Release;
		};
		505118112448084C0026BEF5 /* Debug */ = {
			isa = XCBuildConfiguration;
			baseConfigurationReference = 5F321E8EC5F9B0D3213FDBAF /* Pods-CompletionistTests.debug.xcconfig */;
			buildSettings = {
				ALWAYS_EMBED_SWIFT_STANDARD_LIBRARIES = YES;
				BUNDLE_LOADER = "$(TEST_HOST)";
				CODE_SIGN_STYLE = Automatic;
				INFOPLIST_FILE = CompletionistTests/Info.plist;
				IPHONEOS_DEPLOYMENT_TARGET = 13.2;
				LD_RUNPATH_SEARCH_PATHS = (
					"$(inherited)",
					"@executable_path/Frameworks",
					"@loader_path/Frameworks",
				);
				PRODUCT_BUNDLE_IDENTIFIER = max.CompletionistTests;
				PRODUCT_NAME = "$(TARGET_NAME)";
				SWIFT_VERSION = 5.0;
				TARGETED_DEVICE_FAMILY = "1,2";
				TEST_HOST = "$(BUILT_PRODUCTS_DIR)/Completionist.app/Completionist";
			};
			name = Debug;
		};
		505118122448084C0026BEF5 /* Release */ = {
			isa = XCBuildConfiguration;
			baseConfigurationReference = B34566CB3E2CA0367464B5BB /* Pods-CompletionistTests.release.xcconfig */;
			buildSettings = {
				ALWAYS_EMBED_SWIFT_STANDARD_LIBRARIES = YES;
				BUNDLE_LOADER = "$(TEST_HOST)";
				CODE_SIGN_STYLE = Automatic;
				INFOPLIST_FILE = CompletionistTests/Info.plist;
				IPHONEOS_DEPLOYMENT_TARGET = 13.2;
				LD_RUNPATH_SEARCH_PATHS = (
					"$(inherited)",
					"@executable_path/Frameworks",
					"@loader_path/Frameworks",
				);
				PRODUCT_BUNDLE_IDENTIFIER = max.CompletionistTests;
				PRODUCT_NAME = "$(TARGET_NAME)";
				SWIFT_VERSION = 5.0;
				TARGETED_DEVICE_FAMILY = "1,2";
				TEST_HOST = "$(BUILT_PRODUCTS_DIR)/Completionist.app/Completionist";
			};
			name = Release;
		};
		505118142448084C0026BEF5 /* Debug */ = {
			isa = XCBuildConfiguration;
			baseConfigurationReference = 32A027AA3410CEEDA13E1CC7 /* Pods-Completionist-CompletionistUITests.debug.xcconfig */;
			buildSettings = {
				ALWAYS_EMBED_SWIFT_STANDARD_LIBRARIES = YES;
				CODE_SIGN_STYLE = Automatic;
				INFOPLIST_FILE = CompletionistUITests/Info.plist;
				LD_RUNPATH_SEARCH_PATHS = (
					"$(inherited)",
					"@executable_path/Frameworks",
					"@loader_path/Frameworks",
				);
				PRODUCT_BUNDLE_IDENTIFIER = max.CompletionistUITests;
				PRODUCT_NAME = "$(TARGET_NAME)";
				SWIFT_VERSION = 5.0;
				TARGETED_DEVICE_FAMILY = "1,2";
				TEST_TARGET_NAME = Completionist;
			};
			name = Debug;
		};
		505118152448084C0026BEF5 /* Release */ = {
			isa = XCBuildConfiguration;
			baseConfigurationReference = 3137E2EEA3E59DABC65F2396 /* Pods-Completionist-CompletionistUITests.release.xcconfig */;
			buildSettings = {
				ALWAYS_EMBED_SWIFT_STANDARD_LIBRARIES = YES;
				CODE_SIGN_STYLE = Automatic;
				INFOPLIST_FILE = CompletionistUITests/Info.plist;
				LD_RUNPATH_SEARCH_PATHS = (
					"$(inherited)",
					"@executable_path/Frameworks",
					"@loader_path/Frameworks",
				);
				PRODUCT_BUNDLE_IDENTIFIER = max.CompletionistUITests;
				PRODUCT_NAME = "$(TARGET_NAME)";
				SWIFT_VERSION = 5.0;
				TARGETED_DEVICE_FAMILY = "1,2";
				TEST_TARGET_NAME = Completionist;
			};
			name = Release;
		};
/* End XCBuildConfiguration section */

/* Begin XCConfigurationList section */
		505117DE244808490026BEF5 /* Build configuration list for PBXProject "Completionist" */ = {
			isa = XCConfigurationList;
			buildConfigurations = (
				5051180B2448084C0026BEF5 /* Debug */,
				5051180C2448084C0026BEF5 /* Release */,
			);
			defaultConfigurationIsVisible = 0;
			defaultConfigurationName = Release;
		};
		5051180D2448084C0026BEF5 /* Build configuration list for PBXNativeTarget "Completionist" */ = {
			isa = XCConfigurationList;
			buildConfigurations = (
				5051180E2448084C0026BEF5 /* Debug */,
				5051180F2448084C0026BEF5 /* Release */,
			);
			defaultConfigurationIsVisible = 0;
			defaultConfigurationName = Release;
		};
		505118102448084C0026BEF5 /* Build configuration list for PBXNativeTarget "CompletionistTests" */ = {
			isa = XCConfigurationList;
			buildConfigurations = (
				505118112448084C0026BEF5 /* Debug */,
				505118122448084C0026BEF5 /* Release */,
			);
			defaultConfigurationIsVisible = 0;
			defaultConfigurationName = Release;
		};
		505118132448084C0026BEF5 /* Build configuration list for PBXNativeTarget "CompletionistUITests" */ = {
			isa = XCConfigurationList;
			buildConfigurations = (
				505118142448084C0026BEF5 /* Debug */,
				505118152448084C0026BEF5 /* Release */,
			);
			defaultConfigurationIsVisible = 0;
			defaultConfigurationName = Release;
		};
/* End XCConfigurationList section */
	};
	rootObject = 505117DB244808490026BEF5 /* Project object */;
}
